{
  "name": "gittest",
  "version": "1.0.0",
  "lockfileVersion": 1,
  "requires": true,
  "dependencies": {
    "dataformat": {
      "version": "1.0.0",
      "resolved": "http://registry.npm.taobao.org/dataformat/download/dataformat-1.0.0.tgz",
      "integrity": "sha1-VuQ8ENlVMOHwcrNb3miPGu8QDBo="
    }
  }
}
